
Microsoft Visual Studio Solution File, Format Version 12.00
# Visual Studio Version 17
VisualStudioVersion = 17.11.35312.102
MinimumVisualStudioVersion = 10.0.40219.1
Project("{FAE04EC0-301F-11D3-BF4B-00C04F79EFBC}") = "SQLDynamicModel", "SQLDynamicModel\SQLDynamicModel.csproj", "{C3C5C050-ED50-4D57-8D21-B96996278FFE}"
EndProject
Global
	GlobalSection(SolutionConfigurationPlatforms) = preSolution
		Debug|Any CPU = Debug|Any CPU
		Release|Any CPU = Release|Any CPU
	EndGlobalSection
	GlobalSection(ProjectConfigurationPlatforms) = postSolution
		{C3C5C050-ED50-4D57-8D21-B96996278FFE}.Debug|Any CPU.ActiveCfg = Debug|Any CPU
		{C3C5C050-ED50-4D57-8D21-B96996278FFE}.Debug|Any CPU.Build.0 = Debug|Any CPU
		{C3C5C050-ED50-4D57-8D21-B96996278FFE}.Release|Any CPU.ActiveCfg = Release|Any CPU
		{C3C5C050-ED50-4D57-8D21-B96996278FFE}.Release|Any CPU.Build.0 = Release|Any CPU
	EndGlobalSection
	GlobalSection(SolutionProperties) = preSolution
		HideSolutionNode = FALSE
	EndGlobalSection
	GlobalSection(ExtensibilityGlobals) = postSolution
		SolutionGuid = {8061D192-F92F-43FC-B706-C5511FA811CA}
	EndGlobalSection
EndGlobal
